{
  "name": "gymflow-mini",
  "version": "1.0.0",
  "lockfileVersion": 3,
  "requires": true,
  "packages": {
    "": {
      "name": "gymflow-mini",
      "version": "1.0.0",
      "license": "ISC",
      "dependencies": {
        "dayjs": "^1.11.20"
      },
      "devDependencies": {
        "miniprogram-api-typings": "^3.12.3",
        "typescript": "^5.0.0"
      }
    },
    "node_modules/dayjs": {
      "version": "1.11.20",
      "resolved": "https://registry.npmmirror.com/dayjs/-/dayjs-1.11.20.tgz",
      "integrity": "sha512-YbwwqR/uYpeoP4pu043q+LTDLFBLApUP6VxRihdfNTqu4ubqMlGDLd6ErXhEgsyvY0K6nCs7nggYumAN+9uEuQ==",
      "license": "MIT"
    },
    "node_modules/miniprogram-api-typings": {
      "version": "3.12.3",
      "resolved": "https://registry.npmmirror.com/miniprogram-api-typings/-/miniprogram-api-typings-3.12.3.tgz",
      "integrity": "sha512-o7bOfrU28MEMCBWo83nXv0ROQSBFxJcfCl4f2wTYqah64ipC5RGqLJfvWJTWhlQt2ECVwspSzM8LgvnfMo7TEQ==",
      "dev": true,
      "license": "MIT"
    },
    "node_modules/typescript": {
      "version": "5.9.3",
      "resolved": "https://registry.npmmirror.com/typescript/-/typescript-5.9.3.tgz",
      "integrity": "sha512-jl1vZzPDinLr9eUt3J/t7V6FgNEw9QjvBPdysz9KfQDD41fQrC2Y4vKQdiaUpFT4bXlb1RHhLpp8wtm6M5TgSw==",
      "dev": true,
      "license": "Apache-2.0",
      "bin": {
        "tsc": "bin/tsc",
        "tsserver": "bin/tsserver"
      },
      "engines": {
        "node": ">=14.17"
      }
    }
  }
}
